
Microsoft Visual Studio Solution File, Format Version 12.00
# Visual Studio Version 17
VisualStudioVersion = 17.8.34330.188
MinimumVisualStudioVersion = 10.0.40219.1
Project("{FAE04EC0-301F-11D3-BF4B-00C04F79EFBC}") = "MemoryDump", "MemoryDump\MemoryDump.csproj", "{93762089-8FFA-45B6-84C0-DDE094D91ED3}"
EndProject
Global
	GlobalSection(SolutionConfigurationPlatforms) = preSolution
		Debug|Any CPU = Debug|Any CPU
		Release|Any CPU = Release|Any CPU
	EndGlobalSection
	GlobalSection(ProjectConfigurationPlatforms) = postSolution
		{93762089-8FFA-45B6-84C0-DDE094D91ED3}.Debug|Any CPU.ActiveCfg = Debug|Any CPU
		{93762089-8FFA-45B6-84C0-DDE094D91ED3}.Debug|Any CPU.Build.0 = Debug|Any CPU
		{93762089-8FFA-45B6-84C0-DDE094D91ED3}.Release|Any CPU.ActiveCfg = Release|Any CPU
		{93762089-8FFA-45B6-84C0-DDE094D91ED3}.Release|Any CPU.Build.0 = Release|Any CPU
	EndGlobalSection
	GlobalSection(SolutionProperties) = preSolution
		HideSolutionNode = FALSE
	EndGlobalSection
	GlobalSection(ExtensibilityGlobals) = postSolution
		SolutionGuid = {F5EDE493-53A8-45B0-8698-E593D1581053}
	EndGlobalSection
EndGlobal
